// !$*UTF8*$!
{
	archiveVersion = 1;
	classes = {
	};
	objectVersion = 50;
	objects = {

/* Begin PBXBuildFile section */
		E892426D26657A2600A2CCEB /* AnyEncodable.swift in Sources */ = {isa = PBXBuildFile; fileRef = E892426C26657A2600A2CCEB /* AnyEncodable.swift */; };
		E892426F26657C1C00A2CCEB /* Endpoint.swift in Sources */ = {isa = PBXBuildFile; fileRef = E892426E26657C1C00A2CCEB /* Endpoint.swift */; };
		E89242712665807B00A2CCEB /* ParamDestination.swift in Sources */ = {isa = PBXBuildFile; fileRef = E89242702665807B00A2CCEB /* ParamDestination.swift */; };
		E89242732665828000A2CCEB /* ResourceType.swift in Sources */ = {isa = PBXBuildFile; fileRef = E89242722665828000A2CCEB /* ResourceType.swift */; };
		E89242752665832300A2CCEB /* Task.swift in Sources */ = {isa = PBXBuildFile; fileRef = E89242742665832300A2CCEB /* Task.swift */; };
		E89242772665834900A2CCEB /* URLEncoding.swift in Sources */ = {isa = PBXBuildFile; fileRef = E89242762665834900A2CCEB /* URLEncoding.swift */; };
		E8924279266583C400A2CCEB /* Response.swift in Sources */ = {isa = PBXBuildFile; fileRef = E8924278266583C400A2CCEB /* Response.swift */; };
		E892427B266583FC00A2CCEB /* Networking.swift in Sources */ = {isa = PBXBuildFile; fileRef = E892427A266583FC00A2CCEB /* Networking.swift */; };
		E892427D2665842600A2CCEB /* NetworkingType.swift in Sources */ = {isa = PBXBuildFile; fileRef = E892427C2665842600A2CCEB /* NetworkingType.swift */; };
		E892427F2665846C00A2CCEB /* Networking + Combine.swift in Sources */ = {isa = PBXBuildFile; fileRef = E892427E2665846C00A2CCEB /* Networking + Combine.swift */; };
		E8924281266584C600A2CCEB /* NetworkingError.swift in Sources */ = {isa = PBXBuildFile; fileRef = E8924280266584C600A2CCEB /* NetworkingError.swift */; };
		E89242832665858900A2CCEB /* NetworkingPublisher.swift in Sources */ = {isa = PBXBuildFile; fileRef = E89242822665858900A2CCEB /* NetworkingPublisher.swift */; };
		E8924285266585E700A2CCEB /* URL + Extensions.swift in Sources */ = {isa = PBXBuildFile; fileRef = E8924284266585E700A2CCEB /* URL + Extensions.swift */; };
		E89242872665862900A2CCEB /* URLRequest  + Extensions.swift in Sources */ = {isa = PBXBuildFile; fileRef = E89242862665862900A2CCEB /* URLRequest  + Extensions.swift */; };
		E8924289266586E200A2CCEB /* URLSession + Extensions.swift in Sources */ = {isa = PBXBuildFile; fileRef = E8924288266586E200A2CCEB /* URLSession + Extensions.swift */; };
		E8ABA209265E8131003E52DD /* AppDelegate.swift in Sources */ = {isa = PBXBuildFile; fileRef = E8ABA208265E8131003E52DD /* AppDelegate.swift */; };
		E8ABA20B265E8131003E52DD /* SceneDelegate.swift in Sources */ = {isa = PBXBuildFile; fileRef = E8ABA20A265E8131003E52DD /* SceneDelegate.swift */; };
		E8ABA20D265E8131003E52DD /* ConfigurationViewController.swift in Sources */ = {isa = PBXBuildFile; fileRef = E8ABA20C265E8131003E52DD /* ConfigurationViewController.swift */; };
		E8ABA210265E8131003E52DD /* Main.storyboard in Resources */ = {isa = PBXBuildFile; fileRef = E8ABA20E265E8131003E52DD /* Main.storyboard */; };
		E8ABA213265E8131003E52DD /* Reading_Tracker.xcdatamodeld in Sources */ = {isa = PBXBuildFile; fileRef = E8ABA211265E8131003E52DD /* Reading_Tracker.xcdatamodeld */; };
		E8ABA215265E8136003E52DD /* Assets.xcassets in Resources */ = {isa = PBXBuildFile; fileRef = E8ABA214265E8136003E52DD /* Assets.xcassets */; };
		E8ABA218265E8136003E52DD /* LaunchScreen.storyboard in Resources */ = {isa = PBXBuildFile; fileRef = E8ABA216265E8136003E52DD /* LaunchScreen.storyboard */; };
		E8ABA223265E8137003E52DD /* Reading_TrackerTests.swift in Sources */ = {isa = PBXBuildFile; fileRef = E8ABA222265E8137003E52DD /* Reading_TrackerTests.swift */; };
		E8ABA22E265E8137003E52DD /* Reading_TrackerUITests.swift in Sources */ = {isa = PBXBuildFile; fileRef = E8ABA22D265E8137003E52DD /* Reading_TrackerUITests.swift */; };
		E8ABA23D266043D9003E52DD /* LaunchingViewController.swift in Sources */ = {isa = PBXBuildFile; fileRef = E8ABA23C266043D9003E52DD /* LaunchingViewController.swift */; };
/* End PBXBuildFile section */

/* Begin PBXContainerItemProxy section */
		E8ABA21F265E8137003E52DD /* PBXContainerItemProxy */ = {
			isa = PBXContainerItemProxy;
			containerPortal = E8ABA1FD265E8131003E52DD /* Project object */;
			proxyType = 1;
			remoteGlobalIDString = E8ABA204265E8131003E52DD;
			remoteInfo = "Reading Tracker";
		};
		E8ABA22A265E8137003E52DD /* PBXContainerItemProxy */ = {
			isa = PBXContainerItemProxy;
			containerPortal = E8ABA1FD265E8131003E52DD /* Project object */;
			proxyType = 1;
			remoteGlobalIDString = E8ABA204265E8131003E52DD;
			remoteInfo = "Reading Tracker";
		};
/* End PBXContainerItemProxy section */

/* Begin PBXFileReference section */
		E892426C26657A2600A2CCEB /* AnyEncodable.swift */ = {isa = PBXFileReference; lastKnownFileType = sourcecode.swift; path = AnyEncodable.swift; sourceTree = "<group>"; };
		E892426E26657C1C00A2CCEB /* Endpoint.swift */ = {isa = PBXFileReference; lastKnownFileType = sourcecode.swift; path = Endpoint.swift; sourceTree = "<group>"; };
		E89242702665807B00A2CCEB /* ParamDestination.swift */ = {isa = PBXFileReference; lastKnownFileType = sourcecode.swift; path = ParamDestination.swift; sourceTree = "<group>"; };
		E89242722665828000A2CCEB /* ResourceType.swift */ = {isa = PBXFileReference; lastKnownFileType = sourcecode.swift; path = ResourceType.swift; sourceTree = "<group>"; };
		E89242742665832300A2CCEB /* Task.swift */ = {isa = PBXFileReference; lastKnownFileType = sourcecode.swift; path = Task.swift; sourceTree = "<group>"; };
		E89242762665834900A2CCEB /* URLEncoding.swift */ = {isa = PBXFileReference; lastKnownFileType = sourcecode.swift; path = URLEncoding.swift; sourceTree = "<group>"; };
		E8924278266583C400A2CCEB /* Response.swift */ = {isa = PBXFileReference; lastKnownFileType = sourcecode.swift; path = Response.swift; sourceTree = "<group>"; };
		E892427A266583FC00A2CCEB /* Networking.swift */ = {isa = PBXFileReference; lastKnownFileType = sourcecode.swift; path = Networking.swift; sourceTree = "<group>"; };
		E892427C2665842600A2CCEB /* NetworkingType.swift */ = {isa = PBXFileReference; lastKnownFileType = sourcecode.swift; path = NetworkingType.swift; sourceTree = "<group>"; };
		E892427E2665846C00A2CCEB /* Networking + Combine.swift */ = {isa = PBXFileReference; lastKnownFileType = sourcecode.swift; path = "Networking + Combine.swift"; sourceTree = "<group>"; };
		E8924280266584C600A2CCEB /* NetworkingError.swift */ = {isa = PBXFileReference; lastKnownFileType = sourcecode.swift; path = NetworkingError.swift; sourceTree = "<group>"; };
		E89242822665858900A2CCEB /* NetworkingPublisher.swift */ = {isa = PBXFileReference; lastKnownFileType = sourcecode.swift; path = NetworkingPublisher.swift; sourceTree = "<group>"; };
		E8924284266585E700A2CCEB /* URL + Extensions.swift */ = {isa = PBXFileReference; lastKnownFileType = sourcecode.swift; path = "URL + Extensions.swift"; sourceTree = "<group>"; };
		E89242862665862900A2CCEB /* URLRequest  + Extensions.swift */ = {isa = PBXFileReference; lastKnownFileType = sourcecode.swift; path = "URLRequest  + Extensions.swift"; sourceTree = "<group>"; };
		E8924288266586E200A2CCEB /* URLSession + Extensions.swift */ = {isa = PBXFileReference; lastKnownFileType = sourcecode.swift; path = "URLSession + Extensions.swift"; sourceTree = "<group>"; };
		E8ABA205265E8131003E52DD /* Reading Tracker.app */ = {isa = PBXFileReference; explicitFileType = wrapper.application; includeInIndex = 0; path = "Reading Tracker.app"; sourceTree = BUILT_PRODUCTS_DIR; };
		E8ABA208265E8131003E52DD /* AppDelegate.swift */ = {isa = PBXFileReference; lastKnownFileType = sourcecode.swift; path = AppDelegate.swift; sourceTree = "<group>"; };
		E8ABA20A265E8131003E52DD /* SceneDelegate.swift */ = {isa = PBXFileReference; lastKnownFileType = sourcecode.swift; path = SceneDelegate.swift; sourceTree = "<group>"; };
		E8ABA20C265E8131003E52DD /* ConfigurationViewController.swift */ = {isa = PBXFileReference; lastKnownFileType = sourcecode.swift; path = ConfigurationViewController.swift; sourceTree = "<group>"; };
		E8ABA20F265E8131003E52DD /* Base */ = {isa = PBXFileReference; lastKnownFileType = file.storyboard; name = Base; path = Base.lproj/Main.storyboard; sourceTree = "<group>"; };
		E8ABA212265E8131003E52DD /* Reading_Tracker.xcdatamodel */ = {isa = PBXFileReference; lastKnownFileType = wrapper.xcdatamodel; path = Reading_Tracker.xcdatamodel; sourceTree = "<group>"; };
		E8ABA214265E8136003E52DD /* Assets.xcassets */ = {isa = PBXFileReference; lastKnownFileType = folder.assetcatalog; path = Assets.xcassets; sourceTree = "<group>"; };
		E8ABA217265E8136003E52DD /* Base */ = {isa = PBXFileReference; lastKnownFileType = file.storyboard; name = Base; path = Base.lproj/LaunchScreen.storyboard; sourceTree = "<group>"; };
		E8ABA219265E8136003E52DD /* Info.plist */ = {isa = PBXFileReference; lastKnownFileType = text.plist.xml; path = Info.plist; sourceTree = "<group>"; };
		E8ABA21E265E8137003E52DD /* Reading TrackerTests.xctest */ = {isa = PBXFileReference; explicitFileType = wrapper.cfbundle; includeInIndex = 0; path = "Reading TrackerTests.xctest"; sourceTree = BUILT_PRODUCTS_DIR; };
		E8ABA222265E8137003E52DD /* Reading_TrackerTests.swift */ = {isa = PBXFileReference; lastKnownFileType = sourcecode.swift; path = Reading_TrackerTests.swift; sourceTree = "<group>"; };
		E8ABA224265E8137003E52DD /* Info.plist */ = {isa = PBXFileReference; lastKnownFileType = text.plist.xml; path = Info.plist; sourceTree = "<group>"; };
		E8ABA229265E8137003E52DD /* Reading TrackerUITests.xctest */ = {isa = PBXFileReference; explicitFileType = wrapper.cfbundle; includeInIndex = 0; path = "Reading TrackerUITests.xctest"; sourceTree = BUILT_PRODUCTS_DIR; };
		E8ABA22D265E8137003E52DD /* Reading_TrackerUITests.swift */ = {isa = PBXFileReference; lastKnownFileType = sourcecode.swift; path = Reading_TrackerUITests.swift; sourceTree = "<group>"; };
		E8ABA22F265E8137003E52DD /* Info.plist */ = {isa = PBXFileReference; lastKnownFileType = text.plist.xml; path = Info.plist; sourceTree = "<group>"; };
		E8ABA23C266043D9003E52DD /* LaunchingViewController.swift */ = {isa = PBXFileReference; lastKnownFileType = sourcecode.swift; path = LaunchingViewController.swift; sourceTree = "<group>"; };
/* End PBXFileReference section */

/* Begin PBXFrameworksBuildPhase section */
		E8ABA202265E8131003E52DD /* Frameworks */ = {
			isa = PBXFrameworksBuildPhase;
			buildActionMask = 2147483647;
			files = (
			);
			runOnlyForDeploymentPostprocessing = 0;
		};
		E8ABA21B265E8137003E52DD /* Frameworks */ = {
			isa = PBXFrameworksBuildPhase;
			buildActionMask = 2147483647;
			files = (
			);
			runOnlyForDeploymentPostprocessing = 0;
		};
		E8ABA226265E8137003E52DD /* Frameworks */ = {
			isa = PBXFrameworksBuildPhase;
			buildActionMask = 2147483647;
			files = (
			);
			runOnlyForDeploymentPostprocessing = 0;
		};
/* End PBXFrameworksBuildPhase section */

/* Begin PBXGroup section */
		E892426B266579FD00A2CCEB /* Network */ = {
			isa = PBXGroup;
			children = (
				E892426C26657A2600A2CCEB /* AnyEncodable.swift */,
				E892426E26657C1C00A2CCEB /* Endpoint.swift */,
				E89242702665807B00A2CCEB /* ParamDestination.swift */,
				E89242722665828000A2CCEB /* ResourceType.swift */,
				E89242742665832300A2CCEB /* Task.swift */,
				E89242762665834900A2CCEB /* URLEncoding.swift */,
				E8924278266583C400A2CCEB /* Response.swift */,
				E892427A266583FC00A2CCEB /* Networking.swift */,
				E892427C2665842600A2CCEB /* NetworkingType.swift */,
				E892427E2665846C00A2CCEB /* Networking + Combine.swift */,
				E8924280266584C600A2CCEB /* NetworkingError.swift */,
				E89242822665858900A2CCEB /* NetworkingPublisher.swift */,
				E8924284266585E700A2CCEB /* URL + Extensions.swift */,
				E89242862665862900A2CCEB /* URLRequest  + Extensions.swift */,
				E8924288266586E200A2CCEB /* URLSession + Extensions.swift */,
			);
			path = Network;
			sourceTree = "<group>";
		};
		E8ABA1FC265E8131003E52DD = {
			isa = PBXGroup;
			children = (
				E8ABA207265E8131003E52DD /* Reading Tracker */,
				E8ABA221265E8137003E52DD /* Reading TrackerTests */,
				E8ABA22C265E8137003E52DD /* Reading TrackerUITests */,
				E8ABA206265E8131003E52DD /* Products */,
			);
			sourceTree = "<group>";
		};
		E8ABA206265E8131003E52DD /* Products */ = {
			isa = PBXGroup;
			children = (
				E8ABA205265E8131003E52DD /* Reading Tracker.app */,
				E8ABA21E265E8137003E52DD /* Reading TrackerTests.xctest */,
				E8ABA229265E8137003E52DD /* Reading TrackerUITests.xctest */,
			);
			name = Products;
			sourceTree = "<group>";
		};
		E8ABA207265E8131003E52DD /* Reading Tracker */ = {
			isa = PBXGroup;
			children = (
				E892426B266579FD00A2CCEB /* Network */,
				E8ABA23B26604156003E52DD /* Onboarding */,
				E8ABA208265E8131003E52DD /* AppDelegate.swift */,
				E8ABA20A265E8131003E52DD /* SceneDelegate.swift */,
				E8ABA20E265E8131003E52DD /* Main.storyboard */,
				E8ABA214265E8136003E52DD /* Assets.xcassets */,
				E8ABA216265E8136003E52DD /* LaunchScreen.storyboard */,
				E8ABA219265E8136003E52DD /* Info.plist */,
				E8ABA211265E8131003E52DD /* Reading_Tracker.xcdatamodeld */,
			);
			path = "Reading Tracker";
			sourceTree = "<group>";
		};
		E8ABA221265E8137003E52DD /* Reading TrackerTests */ = {
			isa = PBXGroup;
			children = (
				E8ABA222265E8137003E52DD /* Reading_TrackerTests.swift */,
				E8ABA224265E8137003E52DD /* Info.plist */,
			);
			path = "Reading TrackerTests";
			sourceTree = "<group>";
		};
		E8ABA22C265E8137003E52DD /* Reading TrackerUITests */ = {
			isa = PBXGroup;
			children = (
				E8ABA22D265E8137003E52DD /* Reading_TrackerUITests.swift */,
				E8ABA22F265E8137003E52DD /* Info.plist */,
			);
			path = "Reading TrackerUITests";
			sourceTree = "<group>";
		};
		E8ABA23B26604156003E52DD /* Onboarding */ = {
			isa = PBXGroup;
			children = (
				E8ABA20C265E8131003E52DD /* ConfigurationViewController.swift */,
				E8ABA23C266043D9003E52DD /* LaunchingViewController.swift */,
			);
			path = Onboarding;
			sourceTree = "<group>";
		};
/* End PBXGroup section */

/* Begin PBXNativeTarget section */
		E8ABA204265E8131003E52DD /* Reading Tracker */ = {
			isa = PBXNativeTarget;
			buildConfigurationList = E8ABA232265E8137003E52DD /* Build configuration list for PBXNativeTarget "Reading Tracker" */;
			buildPhases = (
				E8ABA201265E8131003E52DD /* Sources */,
				E8ABA202265E8131003E52DD /* Frameworks */,
				E8ABA203265E8131003E52DD /* Resources */,
			);
			buildRules = (
			);
			dependencies = (
			);
			name = "Reading Tracker";
			productName = "Reading Tracker";
			productReference = E8ABA205265E8131003E52DD /* Reading Tracker.app */;
			productType = "com.apple.product-type.application";
		};
		E8ABA21D265E8137003E52DD /* Reading TrackerTests */ = {
			isa = PBXNativeTarget;
			buildConfigurationList = E8ABA235265E8137003E52DD /* Build configuration list for PBXNativeTarget "Reading TrackerTests" */;
			buildPhases = (
				E8ABA21A265E8137003E52DD /* Sources */,
				E8ABA21B265E8137003E52DD /* Frameworks */,
				E8ABA21C265E8137003E52DD /* Resources */,
			);
			buildRules = (
			);
			dependencies = (
				E8ABA220265E8137003E52DD /* PBXTargetDependency */,
			);
			name = "Reading TrackerTests";
			productName = "Reading TrackerTests";
			productReference = E8ABA21E265E8137003E52DD /* Reading TrackerTests.xctest */;
			productType = "com.apple.product-type.bundle.unit-test";
		};
		E8ABA228265E8137003E52DD /* Reading TrackerUITests */ = {
			isa = PBXNativeTarget;
			buildConfigurationList = E8ABA238265E8137003E52DD /* Build configuration list for PBXNativeTarget "Reading TrackerUITests" */;
			buildPhases = (
				E8ABA225265E8137003E52DD /* Sources */,
				E8ABA226265E8137003E52DD /* Frameworks */,
				E8ABA227265E8137003E52DD /* Resources */,
			);
			buildRules = (
			);
			dependencies = (
				E8ABA22B265E8137003E52DD /* PBXTargetDependency */,
			);
			name = "Reading TrackerUITests";
			productName = "Reading TrackerUITests";
			productReference = E8ABA229265E8137003E52DD /* Reading TrackerUITests.xctest */;
			productType = "com.apple.product-type.bundle.ui-testing";
		};
/* End PBXNativeTarget section */

/* Begin PBXProject section */
		E8ABA1FD265E8131003E52DD /* Project object */ = {
			isa = PBXProject;
			attributes = {
				LastSwiftUpdateCheck = 1250;
				LastUpgradeCheck = 1250;
				TargetAttributes = {
					E8ABA204265E8131003E52DD = {
						CreatedOnToolsVersion = 12.5;
					};
					E8ABA21D265E8137003E52DD = {
						CreatedOnToolsVersion = 12.5;
						TestTargetID = E8ABA204265E8131003E52DD;
					};
					E8ABA228265E8137003E52DD = {
						CreatedOnToolsVersion = 12.5;
						TestTargetID = E8ABA204265E8131003E52DD;
					};
				};
			};
			buildConfigurationList = E8ABA200265E8131003E52DD /* Build configuration list for PBXProject "Reading Tracker" */;
			compatibilityVersion = "Xcode 9.3";
			developmentRegion = en;
			hasScannedForEncodings = 0;
			knownRegions = (
				en,
				Base,
			);
			mainGroup = E8ABA1FC265E8131003E52DD;
			productRefGroup = E8ABA206265E8131003E52DD /* Products */;
			projectDirPath = "";
			projectRoot = "";
			targets = (
				E8ABA204265E8131003E52DD /* Reading Tracker */,
				E8ABA21D265E8137003E52DD /* Reading TrackerTests */,
				E8ABA228265E8137003E52DD /* Reading TrackerUITests */,
			);
		};
/* End PBXProject section */

/* Begin PBXResourcesBuildPhase section */
		E8ABA203265E8131003E52DD /* Resources */ = {
			isa = PBXResourcesBuildPhase;
			buildActionMask = 2147483647;
			files = (
				E8ABA218265E8136003E52DD /* LaunchScreen.storyboard in Resources */,
				E8ABA215265E8136003E52DD /* Assets.xcassets in Resources */,
				E8ABA210265E8131003E52DD /* Main.storyboard in Resources */,
			);
			runOnlyForDeploymentPostprocessing = 0;
		};
		E8ABA21C265E8137003E52DD /* Resources */ = {
			isa = PBXResourcesBuildPhase;
			buildActionMask = 2147483647;
			files = (
			);
			runOnlyForDeploymentPostprocessing = 0;
		};
		E8ABA227265E8137003E52DD /* Resources */ = {
			isa = PBXResourcesBuildPhase;
			buildActionMask = 2147483647;
			files = (
			);
			runOnlyForDeploymentPostprocessing = 0;
		};
/* End PBXResourcesBuildPhase section */

/* Begin PBXSourcesBuildPhase section */
		E8ABA201265E8131003E52DD /* Sources */ = {
			isa = PBXSourcesBuildPhase;
			buildActionMask = 2147483647;
			files = (
				E892426F26657C1C00A2CCEB /* Endpoint.swift in Sources */,
				E8ABA20D265E8131003E52DD /* ConfigurationViewController.swift in Sources */,
				E8924281266584C600A2CCEB /* NetworkingError.swift in Sources */,
				E89242752665832300A2CCEB /* Task.swift in Sources */,
				E892427D2665842600A2CCEB /* NetworkingType.swift in Sources */,
				E8924285266585E700A2CCEB /* URL + Extensions.swift in Sources */,
				E8924289266586E200A2CCEB /* URLSession + Extensions.swift in Sources */,
				E892427B266583FC00A2CCEB /* Networking.swift in Sources */,
				E89242872665862900A2CCEB /* URLRequest  + Extensions.swift in Sources */,
				E89242772665834900A2CCEB /* URLEncoding.swift in Sources */,
				E8924279266583C400A2CCEB /* Response.swift in Sources */,
				E89242732665828000A2CCEB /* ResourceType.swift in Sources */,
				E89242832665858900A2CCEB /* NetworkingPublisher.swift in Sources */,
				E8ABA213265E8131003E52DD /* Reading_Tracker.xcdatamodeld in Sources */,
				E8ABA23D266043D9003E52DD /* LaunchingViewController.swift in Sources */,
				E89242712665807B00A2CCEB /* ParamDestination.swift in Sources */,
				E8ABA209265E8131003E52DD /* AppDelegate.swift in Sources */,
				E892426D26657A2600A2CCEB /* AnyEncodable.swift in Sources */,
				E8ABA20B265E8131003E52DD /* SceneDelegate.swift in Sources */,
				E892427F2665846C00A2CCEB /* Networking + Combine.swift in Sources */,
			);
			runOnlyForDeploymentPostprocessing = 0;
		};
		E8ABA21A265E8137003E52DD /* Sources */ = {
			isa = PBXSourcesBuildPhase;
			buildActionMask = 2147483647;
			files = (
				E8ABA223265E8137003E52DD /* Reading_TrackerTests.swift in Sources */,
			);
			runOnlyForDeploymentPostprocessing = 0;
		};
		E8ABA225265E8137003E52DD /* Sources */ = {
			isa = PBXSourcesBuildPhase;
			buildActionMask = 2147483647;
			files = (
				E8ABA22E265E8137003E52DD /* Reading_TrackerUITests.swift in Sources */,
			);
			runOnlyForDeploymentPostprocessing = 0;
		};
/* End PBXSourcesBuildPhase section */

/* Begin PBXTargetDependency section */
		E8ABA220265E8137003E52DD /* PBXTargetDependency */ = {
			isa = PBXTargetDependency;
			target = E8ABA204265E8131003E52DD /* Reading Tracker */;
			targetProxy = E8ABA21F265E8137003E52DD /* PBXContainerItemProxy */;
		};
		E8ABA22B265E8137003E52DD /* PBXTargetDependency */ = {
			isa = PBXTargetDependency;
			target = E8ABA204265E8131003E52DD /* Reading Tracker */;
			targetProxy = E8ABA22A265E8137003E52DD /* PBXContainerItemProxy */;
		};
/* End PBXTargetDependency section */

/* Begin PBXVariantGroup section */
		E8ABA20E265E8131003E52DD /* Main.storyboard */ = {
			isa = PBXVariantGroup;
			children = (
				E8ABA20F265E8131003E52DD /* Base */,
			);
			name = Main.storyboard;
			sourceTree = "<group>";
		};
		E8ABA216265E8136003E52DD /* LaunchScreen.storyboard */ = {
			isa = PBXVariantGroup;
			children = (
				E8ABA217265E8136003E52DD /* Base */,
			);
			name = LaunchScreen.storyboard;
			sourceTree = "<group>";
		};
/* End PBXVariantGroup section */

/* Begin XCBuildConfiguration section */
		E8ABA230265E8137003E52DD /* Debug */ = {
			isa = XCBuildConfiguration;
			buildSettings = {
				ALWAYS_SEARCH_USER_PATHS = NO;
				CLANG_ANALYZER_NONNULL = YES;
				CLANG_ANALYZER_NUMBER_OBJECT_CONVERSION = YES_AGGRESSIVE;
				CLANG_CXX_LANGUAGE_STANDARD = "gnu++14";
				CLANG_CXX_LIBRARY = "libc++";
				CLANG_ENABLE_MODULES = YES;
				CLANG_ENABLE_OBJC_ARC = YES;
				CLANG_ENABLE_OBJC_WEAK = YES;
				CLANG_WARN_BLOCK_CAPTURE_AUTORELEASING = YES;
				CLANG_WARN_BOOL_CONVERSION = YES;
				CLANG_WARN_COMMA = YES;
				CLANG_WARN_CONSTANT_CONVERSION = YES;
				CLANG_WARN_DEPRECATED_OBJC_IMPLEMENTATIONS = YES;
				CLANG_WARN_DIRECT_OBJC_ISA_USAGE = YES_ERROR;
				CLANG_WARN_DOCUMENTATION_COMMENTS = YES;
				CLANG_WARN_EMPTY_BODY = YES;
				CLANG_WARN_ENUM_CONVERSION = YES;
				CLANG_WARN_INFINITE_RECURSION = YES;
				CLANG_WARN_INT_CONVERSION = YES;
				CLANG_WARN_NON_LITERAL_NULL_CONVERSION = YES;
				CLANG_WARN_OBJC_IMPLICIT_RETAIN_SELF = YES;
				CLANG_WARN_OBJC_LITERAL_CONVERSION = YES;
				CLANG_WARN_OBJC_ROOT_CLASS = YES_ERROR;
				CLANG_WARN_QUOTED_INCLUDE_IN_FRAMEWORK_HEADER = YES;
				CLANG_WARN_RANGE_LOOP_ANALYSIS = YES;
				CLANG_WARN_STRICT_PROTOTYPES = YES;
				CLANG_WARN_SUSPICIOUS_MOVE = YES;
				CLANG_WARN_UNGUARDED_AVAILABILITY = YES_AGGRESSIVE;
				CLANG_WARN_UNREACHABLE_CODE = YES;
				CLANG_WARN__DUPLICATE_METHOD_MATCH = YES;
				COPY_PHASE_STRIP = NO;
				DEBUG_INFORMATION_FORMAT = dwarf;
				ENABLE_STRICT_OBJC_MSGSEND = YES;
				ENABLE_TESTABILITY = YES;
				GCC_C_LANGUAGE_STANDARD = gnu11;
				GCC_DYNAMIC_NO_PIC = NO;
				GCC_NO_COMMON_BLOCKS = YES;
				GCC_OPTIMIZATION_LEVEL = 0;
				GCC_PREPROCESSOR_DEFINITIONS = (
					"DEBUG=1",
					"$(inherited)",
				);
				GCC_WARN_64_TO_32_BIT_CONVERSION = YES;
				GCC_WARN_ABOUT_RETURN_TYPE = YES_ERROR;
				GCC_WARN_UNDECLARED_SELECTOR = YES;
				GCC_WARN_UNINITIALIZED_AUTOS = YES_AGGRESSIVE;
				GCC_WARN_UNUSED_FUNCTION = YES;
				GCC_WARN_UNUSED_VARIABLE = YES;
				IPHONEOS_DEPLOYMENT_TARGET = 14.5;
				MTL_ENABLE_DEBUG_INFO = INCLUDE_SOURCE;
				MTL_FAST_MATH = YES;
				ONLY_ACTIVE_ARCH = YES;
				SDKROOT = iphoneos;
				SWIFT_ACTIVE_COMPILATION_CONDITIONS = DEBUG;
				SWIFT_OPTIMIZATION_LEVEL = "-Onone";
			};
			name = Debug;
		};
		E8ABA231265E8137003E52DD /* Release */ = {
			isa = XCBuildConfiguration;
			buildSettings = {
				ALWAYS_SEARCH_USER_PATHS = NO;
				CLANG_ANALYZER_NONNULL = YES;
				CLANG_ANALYZER_NUMBER_OBJECT_CONVERSION = YES_AGGRESSIVE;
				CLANG_CXX_LANGUAGE_STANDARD = "gnu++14";
				CLANG_CXX_LIBRARY = "libc++";
				CLANG_ENABLE_MODULES = YES;
				CLANG_ENABLE_OBJC_ARC = YES;
				CLANG_ENABLE_OBJC_WEAK = YES;
				CLANG_WARN_BLOCK_CAPTURE_AUTORELEASING = YES;
				CLANG_WARN_BOOL_CONVERSION = YES;
				CLANG_WARN_COMMA = YES;
				CLANG_WARN_CONSTANT_CONVERSION = YES;
				CLANG_WARN_DEPRECATED_OBJC_IMPLEMENTATIONS = YES;
				CLANG_WARN_DIRECT_OBJC_ISA_USAGE = YES_ERROR;
				CLANG_WARN_DOCUMENTATION_COMMENTS = YES;
				CLANG_WARN_EMPTY_BODY = YES;
				CLANG_WARN_ENUM_CONVERSION = YES;
				CLANG_WARN_INFINITE_RECURSION = YES;
				CLANG_WARN_INT_CONVERSION = YES;
				CLANG_WARN_NON_LITERAL_NULL_CONVERSION = YES;
				CLANG_WARN_OBJC_IMPLICIT_RETAIN_SELF = YES;
				CLANG_WARN_OBJC_LITERAL_CONVERSION = YES;
				CLANG_WARN_OBJC_ROOT_CLASS = YES_ERROR;
				CLANG_WARN_QUOTED_INCLUDE_IN_FRAMEWORK_HEADER = YES;
				CLANG_WARN_RANGE_LOOP_ANALYSIS = YES;
				CLANG_WARN_STRICT_PROTOTYPES = YES;
				CLANG_WARN_SUSPICIOUS_MOVE = YES;
				CLANG_WARN_UNGUARDED_AVAILABILITY = YES_AGGRESSIVE;
				CLANG_WARN_UNREACHABLE_CODE = YES;
				CLANG_WARN__DUPLICATE_METHOD_MATCH = YES;
				COPY_PHASE_STRIP = NO;
				DEBUG_INFORMATION_FORMAT = "dwarf-with-dsym";
				ENABLE_NS_ASSERTIONS = NO;
				ENABLE_STRICT_OBJC_MSGSEND = YES;
				GCC_C_LANGUAGE_STANDARD = gnu11;
				GCC_NO_COMMON_BLOCKS = YES;
				GCC_WARN_64_TO_32_BIT_CONVERSION = YES;
				GCC_WARN_ABOUT_RETURN_TYPE = YES_ERROR;
				GCC_WARN_UNDECLARED_SELECTOR = YES;
				GCC_WARN_UNINITIALIZED_AUTOS = YES_AGGRESSIVE;
				GCC_WARN_UNUSED_FUNCTION = YES;
				GCC_WARN_UNUSED_VARIABLE = YES;
				IPHONEOS_DEPLOYMENT_TARGET = 14.5;
				MTL_ENABLE_DEBUG_INFO = NO;
				MTL_FAST_MATH = YES;
				SDKROOT = iphoneos;
				SWIFT_COMPILATION_MODE = wholemodule;
				SWIFT_OPTIMIZATION_LEVEL = "-O";
				VALIDATE_PRODUCT = YES;
			};
			name = Release;
		};
		E8ABA233265E8137003E52DD /* Debug */ = {
			isa = XCBuildConfiguration;
			buildSettings = {
				ASSETCATALOG_COMPILER_APPICON_NAME = AppIcon;
				ASSETCATALOG_COMPILER_GLOBAL_ACCENT_COLOR_NAME = AccentColor;
				CODE_SIGN_STYLE = Automatic;
				DEVELOPMENT_TEAM = TQLFDA49M3;
				INFOPLIST_FILE = "Reading Tracker/Info.plist";
				LD_RUNPATH_SEARCH_PATHS = (
					"$(inherited)",
					"@executable_path/Frameworks",
				);
				PRODUCT_BUNDLE_IDENTIFIER = "fr.agbenya.Reading-Tracker";
				PRODUCT_NAME = "$(TARGET_NAME)";
				SWIFT_VERSION = 5.0;
				TARGETED_DEVICE_FAMILY = "1,2";
			};
			name = Debug;
		};
		E8ABA234265E8137003E52DD /* Release */ = {
			isa = XCBuildConfiguration;
			buildSettings = {
				ASSETCATALOG_COMPILER_APPICON_NAME = AppIcon;
				ASSETCATALOG_COMPILER_GLOBAL_ACCENT_COLOR_NAME = AccentColor;
				CODE_SIGN_STYLE = Automatic;
				DEVELOPMENT_TEAM = TQLFDA49M3;
				INFOPLIST_FILE = "Reading Tracker/Info.plist";
				LD_RUNPATH_SEARCH_PATHS = (
					"$(inherited)",
					"@executable_path/Frameworks",
				);
				PRODUCT_BUNDLE_IDENTIFIER = "fr.agbenya.Reading-Tracker";
				PRODUCT_NAME = "$(TARGET_NAME)";
				SWIFT_VERSION = 5.0;
				TARGETED_DEVICE_FAMILY = "1,2";
			};
			name = Release;
		};
		E8ABA236265E8137003E52DD /* Debug */ = {
			isa = XCBuildConfiguration;
			buildSettings = {
				ALWAYS_EMBED_SWIFT_STANDARD_LIBRARIES = YES;
				BUNDLE_LOADER = "$(TEST_HOST)";
				CODE_SIGN_STYLE = Automatic;
				DEVELOPMENT_TEAM = TQLFDA49M3;
				INFOPLIST_FILE = "Reading TrackerTests/Info.plist";
				IPHONEOS_DEPLOYMENT_TARGET = 14.5;
				LD_RUNPATH_SEARCH_PATHS = (
					"$(inherited)",
					"@executable_path/Frameworks",
					"@loader_path/Frameworks",
				);
				PRODUCT_BUNDLE_IDENTIFIER = "fr.agbenya.Reading-TrackerTests";
				PRODUCT_NAME = "$(TARGET_NAME)";
				SWIFT_VERSION = 5.0;
				TARGETED_DEVICE_FAMILY = "1,2";
				TEST_HOST = "$(BUILT_PRODUCTS_DIR)/Reading Tracker.app/Reading Tracker";
			};
			name = Debug;
		};
		E8ABA237265E8137003E52DD /* Release */ = {
			isa = XCBuildConfiguration;
			buildSettings = {
				ALWAYS_EMBED_SWIFT_STANDARD_LIBRARIES = YES;
				BUNDLE_LOADER = "$(TEST_HOST)";
				CODE_SIGN_STYLE = Automatic;
				DEVELOPMENT_TEAM = TQLFDA49M3;
				INFOPLIST_FILE = "Reading TrackerTests/Info.plist";
				IPHONEOS_DEPLOYMENT_TARGET = 14.5;
				LD_RUNPATH_SEARCH_PATHS = (
					"$(inherited)",
					"@executable_path/Frameworks",
					"@loader_path/Frameworks",
				);
				PRODUCT_BUNDLE_IDENTIFIER = "fr.agbenya.Reading-TrackerTests";
				PRODUCT_NAME = "$(TARGET_NAME)";
				SWIFT_VERSION = 5.0;
				TARGETED_DEVICE_FAMILY = "1,2";
				TEST_HOST = "$(BUILT_PRODUCTS_DIR)/Reading Tracker.app/Reading Tracker";
			};
			name = Release;
		};
		E8ABA239265E8137003E52DD /* Debug */ = {
			isa = XCBuildConfiguration;
			buildSettings = {
				ALWAYS_EMBED_SWIFT_STANDARD_LIBRARIES = YES;
				CODE_SIGN_STYLE = Automatic;
				DEVELOPMENT_TEAM = TQLFDA49M3;
				INFOPLIST_FILE = "Reading TrackerUITests/Info.plist";
				LD_RUNPATH_SEARCH_PATHS = (
					"$(inherited)",
					"@executable_path/Frameworks",
					"@loader_path/Frameworks",
				);
				PRODUCT_BUNDLE_IDENTIFIER = "fr.agbenya.Reading-TrackerUITests";
				PRODUCT_NAME = "$(TARGET_NAME)";
				SWIFT_VERSION = 5.0;
				TARGETED_DEVICE_FAMILY = "1,2";
				TEST_TARGET_NAME = "Reading Tracker";
			};
			name = Debug;
		};
		E8ABA23A265E8137003E52DD /* Release */ = {
			isa = XCBuildConfiguration;
			buildSettings = {
				ALWAYS_EMBED_SWIFT_STANDARD_LIBRARIES = YES;
				CODE_SIGN_STYLE = Automatic;
				DEVELOPMENT_TEAM = TQLFDA49M3;
				INFOPLIST_FILE = "Reading TrackerUITests/Info.plist";
				LD_RUNPATH_SEARCH_PATHS = (
					"$(inherited)",
					"@executable_path/Frameworks",
					"@loader_path/Frameworks",
				);
				PRODUCT_BUNDLE_IDENTIFIER = "fr.agbenya.Reading-TrackerUITests";
				PRODUCT_NAME = "$(TARGET_NAME)";
				SWIFT_VERSION = 5.0;
				TARGETED_DEVICE_FAMILY = "1,2";
				TEST_TARGET_NAME = "Reading Tracker";
			};
			name = Release;
		};
/* End XCBuildConfiguration section */

/* Begin XCConfigurationList section */
		E8ABA200265E8131003E52DD /* Build configuration list for PBXProject "Reading Tracker" */ = {
			isa = XCConfigurationList;
			buildConfigurations = (
				E8ABA230265E8137003E52DD /* Debug */,
				E8ABA231265E8137003E52DD /* Release */,
			);
			defaultConfigurationIsVisible = 0;
			defaultConfigurationName = Release;
		};
		E8ABA232265E8137003E52DD /* Build configuration list for PBXNativeTarget "Reading Tracker" */ = {
			isa = XCConfigurationList;
			buildConfigurations = (
				E8ABA233265E8137003E52DD /* Debug */,
				E8ABA234265E8137003E52DD /* Release */,
			);
			defaultConfigurationIsVisible = 0;
			defaultConfigurationName = Release;
		};
		E8ABA235265E8137003E52DD /* Build configuration list for PBXNativeTarget "Reading TrackerTests" */ = {
			isa = XCConfigurationList;
			buildConfigurations = (
				E8ABA236265E8137003E52DD /* Debug */,
				E8ABA237265E8137003E52DD /* Release */,
			);
			defaultConfigurationIsVisible = 0;
			defaultConfigurationName = Release;
		};
		E8ABA238265E8137003E52DD /* Build configuration list for PBXNativeTarget "Reading TrackerUITests" */ = {
			isa = XCConfigurationList;
			buildConfigurations = (
				E8ABA239265E8137003E52DD /* Debug */,
				E8ABA23A265E8137003E52DD /* Release */,
			);
			defaultConfigurationIsVisible = 0;
			defaultConfigurationName = Release;
		};
/* End XCConfigurationList section */

/* Begin XCVersionGroup section */
		E8ABA211265E8131003E52DD /* Reading_Tracker.xcdatamodeld */ = {
			isa = XCVersionGroup;
			children = (
				E8ABA212265E8131003E52DD /* Reading_Tracker.xcdatamodel */,
			);
			currentVersion = E8ABA212265E8131003E52DD /* Reading_Tracker.xcdatamodel */;
			path = Reading_Tracker.xcdatamodeld;
			sourceTree = "<group>";
			versionGroupType = wrapper.xcdatamodel;
		};
/* End XCVersionGroup section */
	};
	rootObject = E8ABA1FD265E8131003E52DD /* Project object */;
}
